// !$*UTF8*$!
{
	archiveVersion = 1;
	classes = {
	};
	objectVersion = 51;
	objects = {

/* Begin PBXBuildFile section */
		99639ABCBABDC99EC92673DA /* Pods_photobazar.framework in Frameworks */ = {isa = PBXBuildFile; fileRef = 4BE2A421462EF9C54DE8A68C /* Pods_photobazar.framework */; };
		F71001FE23DECAE9002517DC /* AppDelegate.swift in Sources */ = {isa = PBXBuildFile; fileRef = F71001FD23DECAE9002517DC /* AppDelegate.swift */; };
		F710020023DECAE9002517DC /* loginVC.swift in Sources */ = {isa = PBXBuildFile; fileRef = F71001FF23DECAE9002517DC /* loginVC.swift */; };
		F710020323DECAE9002517DC /* Main.storyboard in Resources */ = {isa = PBXBuildFile; fileRef = F710020123DECAE9002517DC /* Main.storyboard */; };
		F710020523DECAEE002517DC /* Assets.xcassets in Resources */ = {isa = PBXBuildFile; fileRef = F710020423DECAEE002517DC /* Assets.xcassets */; };
		F710020823DECAEE002517DC /* LaunchScreen.storyboard in Resources */ = {isa = PBXBuildFile; fileRef = F710020623DECAEE002517DC /* LaunchScreen.storyboard */; };
		F714218C23FE910800196D66 /* ForgotPasswordVC.swift in Sources */ = {isa = PBXBuildFile; fileRef = F714218A23FE910800196D66 /* ForgotPasswordVC.swift */; };
		F714218D23FE910800196D66 /* ForgotPasswordVC.xib in Resources */ = {isa = PBXBuildFile; fileRef = F714218B23FE910800196D66 /* ForgotPasswordVC.xib */; };
		F71D95C92403B374001B521A /* CategoryCell.swift in Sources */ = {isa = PBXBuildFile; fileRef = F71D95C72403B374001B521A /* CategoryCell.swift */; };
		F71D95CA2403B374001B521A /* CategoryCell.xib in Resources */ = {isa = PBXBuildFile; fileRef = F71D95C82403B374001B521A /* CategoryCell.xib */; };
		F71D95CB2403B38C001B521A /* CategoryCell.swift in Sources */ = {isa = PBXBuildFile; fileRef = F71D95C72403B374001B521A /* CategoryCell.swift */; };
		F72F1E9923F1372800516845 /* homeVC.swift in Sources */ = {isa = PBXBuildFile; fileRef = F72F1E9823F1372800516845 /* homeVC.swift */; };
		F72F1E9B23F1375400516845 /* registervc.swift in Sources */ = {isa = PBXBuildFile; fileRef = F72F1E9A23F1375300516845 /* registervc.swift */; };
		F73041B923F529ED00C46D1C /* login.storyboard in Resources */ = {isa = PBXBuildFile; fileRef = F73041B823F529ED00C46D1C /* login.storyboard */; };
		F73041BC23F5366D00C46D1C /* Extensions.swift in Sources */ = {isa = PBXBuildFile; fileRef = F73041BB23F5366C00C46D1C /* Extensions.swift */; };
		F73041C023F5503200C46D1C /* constaints.swift in Sources */ = {isa = PBXBuildFile; fileRef = F73041BF23F5503200C46D1C /* constaints.swift */; };
		F73041C323F5595400C46D1C /* Roundedviews.swift in Sources */ = {isa = PBXBuildFile; fileRef = F73041C223F5595400C46D1C /* Roundedviews.swift */; };
		F779E6D423E03F11006173F1 /* AppDelegate.swift in Sources */ = {isa = PBXBuildFile; fileRef = F779E6D323E03F11006173F1 /* AppDelegate.swift */; };
		F779E6D623E03F11006173F1 /* ViewController.swift in Sources */ = {isa = PBXBuildFile; fileRef = F779E6D523E03F11006173F1 /* ViewController.swift */; };
		F779E6D923E03F11006173F1 /* Main.storyboard in Resources */ = {isa = PBXBuildFile; fileRef = F779E6D723E03F11006173F1 /* Main.storyboard */; };
		F779E6DE23E03F26006173F1 /* LaunchScreen.storyboard in Resources */ = {isa = PBXBuildFile; fileRef = F779E6DC23E03F26006173F1 /* LaunchScreen.storyboard */; };
		F779E6E423E03FE1006173F1 /* Assets.xcassets in Resources */ = {isa = PBXBuildFile; fileRef = F710020423DECAEE002517DC /* Assets.xcassets */; };
		F7ADC36E24026C520039AC53 /* GoogleService-Info.plist in Resources */ = {isa = PBXBuildFile; fileRef = F7ADC36D24026C520039AC53 /* GoogleService-Info.plist */; };
		F7ADC37024027CC60039AC53 /* Firebase+Utils.swift in Sources */ = {isa = PBXBuildFile; fileRef = F7ADC36F24027CC60039AC53 /* Firebase+Utils.swift */; };
		F7ADC371240281FD0039AC53 /* Firebase+Utils.swift in Sources */ = {isa = PBXBuildFile; fileRef = F7ADC36F24027CC60039AC53 /* Firebase+Utils.swift */; };
		F7ADC373240293400039AC53 /* catrgory.swift in Sources */ = {isa = PBXBuildFile; fileRef = F7ADC372240293400039AC53 /* catrgory.swift */; };
		F7ADC374240293400039AC53 /* catrgory.swift in Sources */ = {isa = PBXBuildFile; fileRef = F7ADC372240293400039AC53 /* catrgory.swift */; };
/* End PBXBuildFile section */

/* Begin PBXFileReference section */
		4BE2A421462EF9C54DE8A68C /* Pods_photobazar.framework */ = {isa = PBXFileReference; explicitFileType = wrapper.framework; includeInIndex = 0; path = Pods_photobazar.framework; sourceTree = BUILT_PRODUCTS_DIR; };
		5E59633938290CAA1144E5BD /* Pods-photobazar.debug.xcconfig */ = {isa = PBXFileReference; includeInIndex = 1; lastKnownFileType = text.xcconfig; name = "Pods-photobazar.debug.xcconfig"; path = "Target Support Files/Pods-photobazar/Pods-photobazar.debug.xcconfig"; sourceTree = "<group>"; };
		F71001FA23DECAE9002517DC /* photobazar.app */ = {isa = PBXFileReference; explicitFileType = wrapper.application; includeInIndex = 0; path = photobazar.app; sourceTree = BUILT_PRODUCTS_DIR; };
		F71001FD23DECAE9002517DC /* AppDelegate.swift */ = {isa = PBXFileReference; lastKnownFileType = sourcecode.swift; path = AppDelegate.swift; sourceTree = "<group>"; };
		F71001FF23DECAE9002517DC /* loginVC.swift */ = {isa = PBXFileReference; lastKnownFileType = sourcecode.swift; path = loginVC.swift; sourceTree = "<group>"; };
		F710020223DECAE9002517DC /* Base */ = {isa = PBXFileReference; lastKnownFileType = file.storyboard; name = Base; path = Base.lproj/Main.storyboard; sourceTree = "<group>"; };
		F710020423DECAEE002517DC /* Assets.xcassets */ = {isa = PBXFileReference; lastKnownFileType = folder.assetcatalog; path = Assets.xcassets; sourceTree = "<group>"; };
		F710020723DECAEE002517DC /* Base */ = {isa = PBXFileReference; lastKnownFileType = file.storyboard; name = Base; path = Base.lproj/LaunchScreen.storyboard; sourceTree = "<group>"; };
		F710020923DECAEE002517DC /* Info.plist */ = {isa = PBXFileReference; lastKnownFileType = text.plist.xml; path = Info.plist; sourceTree = "<group>"; };
		F714218A23FE910800196D66 /* ForgotPasswordVC.swift */ = {isa = PBXFileReference; lastKnownFileType = sourcecode.swift; path = ForgotPasswordVC.swift; sourceTree = "<group>"; };
		F714218B23FE910800196D66 /* ForgotPasswordVC.xib */ = {isa = PBXFileReference; lastKnownFileType = file.xib; path = ForgotPasswordVC.xib; sourceTree = "<group>"; };
		F71D95C72403B374001B521A /* CategoryCell.swift */ = {isa = PBXFileReference; lastKnownFileType = sourcecode.swift; path = CategoryCell.swift; sourceTree = "<group>"; };
		F71D95C82403B374001B521A /* CategoryCell.xib */ = {isa = PBXFileReference; lastKnownFileType = file.xib; path = CategoryCell.xib; sourceTree = "<group>"; };
		F72F1E9823F1372800516845 /* homeVC.swift */ = {isa = PBXFileReference; lastKnownFileType = sourcecode.swift; path = homeVC.swift; sourceTree = "<group>"; };
		F72F1E9A23F1375300516845 /* registervc.swift */ = {isa = PBXFileReference; lastKnownFileType = sourcecode.swift; path = registervc.swift; sourceTree = "<group>"; };
		F73041B823F529ED00C46D1C /* login.storyboard */ = {isa = PBXFileReference; lastKnownFileType = file.storyboard; path = login.storyboard; sourceTree = "<group>"; };
		F73041BB23F5366C00C46D1C /* Extensions.swift */ = {isa = PBXFileReference; lastKnownFileType = sourcecode.swift; path = Extensions.swift; sourceTree = "<group>"; };
		F73041BF23F5503200C46D1C /* constaints.swift */ = {isa = PBXFileReference; lastKnownFileType = sourcecode.swift; path = constaints.swift; sourceTree = "<group>"; };
		F73041C223F5595400C46D1C /* Roundedviews.swift */ = {isa = PBXFileReference; lastKnownFileType = sourcecode.swift; path = Roundedviews.swift; sourceTree = "<group>"; };
		F779E6D123E03F11006173F1 /* photobazaradmin.app */ = {isa = PBXFileReference; explicitFileType = wrapper.application; includeInIndex = 0; path = photobazaradmin.app; sourceTree = BUILT_PRODUCTS_DIR; };
		F779E6D323E03F11006173F1 /* AppDelegate.swift */ = {isa = PBXFileReference; lastKnownFileType = sourcecode.swift; path = AppDelegate.swift; sourceTree = "<group>"; };
		F779E6D523E03F11006173F1 /* ViewController.swift */ = {isa = PBXFileReference; lastKnownFileType = sourcecode.swift; path = ViewController.swift; sourceTree = "<group>"; };
		F779E6D823E03F11006173F1 /* Base */ = {isa = PBXFileReference; lastKnownFileType = file.storyboard; name = Base; path = Base.lproj/Main.storyboard; sourceTree = "<group>"; };
		F779E6DD23E03F26006173F1 /* Base */ = {isa = PBXFileReference; lastKnownFileType = file.storyboard; name = Base; path = Base.lproj/LaunchScreen.storyboard; sourceTree = "<group>"; };
		F779E6DF23E03F26006173F1 /* Info.plist */ = {isa = PBXFileReference; lastKnownFileType = text.plist.xml; path = Info.plist; sourceTree = "<group>"; };
		F7ADC36D24026C520039AC53 /* GoogleService-Info.plist */ = {isa = PBXFileReference; fileEncoding = 4; lastKnownFileType = text.plist.xml; path = "GoogleService-Info.plist"; sourceTree = "<group>"; };
		F7ADC36F24027CC60039AC53 /* Firebase+Utils.swift */ = {isa = PBXFileReference; lastKnownFileType = sourcecode.swift; path = "Firebase+Utils.swift"; sourceTree = "<group>"; };
		F7ADC372240293400039AC53 /* catrgory.swift */ = {isa = PBXFileReference; lastKnownFileType = sourcecode.swift; path = catrgory.swift; sourceTree = "<group>"; };
		FE24EEDFF2E390479D1CD637 /* Pods-photobazar.release.xcconfig */ = {isa = PBXFileReference; includeInIndex = 1; lastKnownFileType = text.xcconfig; name = "Pods-photobazar.release.xcconfig"; path = "Target Support Files/Pods-photobazar/Pods-photobazar.release.xcconfig"; sourceTree = "<group>"; };
/* End PBXFileReference section */

/* Begin PBXFrameworksBuildPhase section */
		F71001F723DECAE9002517DC /* Frameworks */ = {
			isa = PBXFrameworksBuildPhase;
			buildActionMask = 2147483647;
			files = (
				99639ABCBABDC99EC92673DA /* Pods_photobazar.framework in Frameworks */,
			);
			runOnlyForDeploymentPostprocessing = 0;
		};
		F779E6CE23E03F11006173F1 /* Frameworks */ = {
			isa = PBXFrameworksBuildPhase;
			buildActionMask = 2147483647;
			files = (
			);
			runOnlyForDeploymentPostprocessing = 0;
		};
/* End PBXFrameworksBuildPhase section */

/* Begin PBXGroup section */
		2F5C7F1AA0A121E8D6C765BD /* Frameworks */ = {
			isa = PBXGroup;
			children = (
				4BE2A421462EF9C54DE8A68C /* Pods_photobazar.framework */,
			);
			name = Frameworks;
			sourceTree = "<group>";
		};
		B0968C8CF42370D61EC31372 /* Pods */ = {
			isa = PBXGroup;
			children = (
				5E59633938290CAA1144E5BD /* Pods-photobazar.debug.xcconfig */,
				FE24EEDFF2E390479D1CD637 /* Pods-photobazar.release.xcconfig */,
			);
			path = Pods;
			sourceTree = "<group>";
		};
		F71001F123DECAE9002517DC = {
			isa = PBXGroup;
			children = (
				F779E6E323E03F4E006173F1 /* asset */,
				F71001FC23DECAE9002517DC /* photobazar */,
				F779E6D223E03F11006173F1 /* photobazaradmin */,
				F71001FB23DECAE9002517DC /* Products */,
				B0968C8CF42370D61EC31372 /* Pods */,
				2F5C7F1AA0A121E8D6C765BD /* Frameworks */,
			);
			sourceTree = "<group>";
		};
		F71001FB23DECAE9002517DC /* Products */ = {
			isa = PBXGroup;
			children = (
				F71001FA23DECAE9002517DC /* photobazar.app */,
				F779E6D123E03F11006173F1 /* photobazaradmin.app */,
			);
			name = Products;
			sourceTree = "<group>";
		};
		F71001FC23DECAE9002517DC /* photobazar */ = {
			isa = PBXGroup;
			children = (
				F714218923FE908D00196D66 /* XIBs */,
				F72F1E9423F1351500516845 /* view */,
				F72F1E9323F134F600516845 /* controller */,
				F72F1E9623F1352C00516845 /* storyboards */,
				F710020923DECAEE002517DC /* Info.plist */,
				F7ADC36D24026C520039AC53 /* GoogleService-Info.plist */,
			);
			path = photobazar;
			sourceTree = "<group>";
		};
		F714218923FE908D00196D66 /* XIBs */ = {
			isa = PBXGroup;
			children = (
				F714218A23FE910800196D66 /* ForgotPasswordVC.swift */,
				F714218B23FE910800196D66 /* ForgotPasswordVC.xib */,
			);
			path = XIBs;
			sourceTree = "<group>";
		};
		F71D95CC2403B3F2001B521A /* Xibs */ = {
			isa = PBXGroup;
			children = (
				F71D95C82403B374001B521A /* CategoryCell.xib */,
			);
			path = Xibs;
			sourceTree = "<group>";
		};
		F72F1E9323F134F600516845 /* controller */ = {
			isa = PBXGroup;
			children = (
				F71001FF23DECAE9002517DC /* loginVC.swift */,
				F72F1E9A23F1375300516845 /* registervc.swift */,
				F72F1E9823F1372800516845 /* homeVC.swift */,
				F71001FD23DECAE9002517DC /* AppDelegate.swift */,
			);
			path = controller;
			sourceTree = "<group>";
		};
		F72F1E9423F1351500516845 /* view */ = {
			isa = PBXGroup;
			children = (
			);
			path = view;
			sourceTree = "<group>";
		};
		F72F1E9623F1352C00516845 /* storyboards */ = {
			isa = PBXGroup;
			children = (
				F73041B823F529ED00C46D1C /* login.storyboard */,
				F710020123DECAE9002517DC /* Main.storyboard */,
				F710020623DECAEE002517DC /* LaunchScreen.storyboard */,
			);
			path = storyboards;
			sourceTree = "<group>";
		};
		F72F1E9723F135AF00516845 /* model */ = {
			isa = PBXGroup;
			children = (
				F7ADC372240293400039AC53 /* catrgory.swift */,
			);
			path = model;
			sourceTree = "<group>";
		};
		F73041BA23F5361600C46D1C /* utilitis */ = {
			isa = PBXGroup;
			children = (
				F73041BB23F5366C00C46D1C /* Extensions.swift */,
				F73041BF23F5503200C46D1C /* constaints.swift */,
				F7ADC36F24027CC60039AC53 /* Firebase+Utils.swift */,
			);
			path = utilitis;
			sourceTree = "<group>";
		};
		F73041C123F558FA00C46D1C /* view */ = {
			isa = PBXGroup;
			children = (
				F73041C223F5595400C46D1C /* Roundedviews.swift */,
				F71D95C72403B374001B521A /* CategoryCell.swift */,
			);
			path = view;
			sourceTree = "<group>";
		};
		F779E6D223E03F11006173F1 /* photobazaradmin */ = {
			isa = PBXGroup;
			children = (
				F779E6D323E03F11006173F1 /* AppDelegate.swift */,
				F779E6D523E03F11006173F1 /* ViewController.swift */,
				F779E6D723E03F11006173F1 /* Main.storyboard */,
				F779E6DC23E03F26006173F1 /* LaunchScreen.storyboard */,
				F779E6DF23E03F26006173F1 /* Info.plist */,
			);
			path = photobazaradmin;
			sourceTree = "<group>";
		};
		F779E6E323E03F4E006173F1 /* asset */ = {
			isa = PBXGroup;
			children = (
				F71D95CC2403B3F2001B521A /* Xibs */,
				F72F1E9723F135AF00516845 /* model */,
				F73041C123F558FA00C46D1C /* view */,
				F73041BA23F5361600C46D1C /* utilitis */,
				F710020423DECAEE002517DC /* Assets.xcassets */,
			);
			path = asset;
			sourceTree = "<group>";
		};
/* End PBXGroup section */

/* Begin PBXNativeTarget section */
		F71001F923DECAE9002517DC /* photobazar */ = {
			isa = PBXNativeTarget;
			buildConfigurationList = F710020C23DECAEE002517DC /* Build configuration list for PBXNativeTarget "photobazar" */;
			buildPhases = (
				DF829D47A7A7FB19CB590AB5 /* [CP] Check Pods Manifest.lock */,
				F71001F623DECAE9002517DC /* Sources */,
				F71001F723DECAE9002517DC /* Frameworks */,
				F71001F823DECAE9002517DC /* Resources */,
				D0009BE3386505134FE9E5D1 /* [CP] Embed Pods Frameworks */,
			);
			buildRules = (
			);
			dependencies = (
			);
			name = photobazar;
			productName = photobazar;
			productReference = F71001FA23DECAE9002517DC /* photobazar.app */;
			productType = "com.apple.product-type.application";
		};
		F779E6D023E03F11006173F1 /* photobazaradmin */ = {
			isa = PBXNativeTarget;
			buildConfigurationList = F779E6E223E03F26006173F1 /* Build configuration list for PBXNativeTarget "photobazaradmin" */;
			buildPhases = (
				F779E6CD23E03F11006173F1 /* Sources */,
				F779E6CE23E03F11006173F1 /* Frameworks */,
				F779E6CF23E03F11006173F1 /* Resources */,
			);
			buildRules = (
			);
			dependencies = (
			);
			name = photobazaradmin;
			productName = photobazaradmin;
			productReference = F779E6D123E03F11006173F1 /* photobazaradmin.app */;
			productType = "com.apple.product-type.application";
		};
/* End PBXNativeTarget section */

/* Begin PBXProject section */
		F71001F223DECAE9002517DC /* Project object */ = {
			isa = PBXProject;
			attributes = {
				LastSwiftUpdateCheck = 1010;
				LastUpgradeCheck = 1010;
				ORGANIZATIONNAME = eitysams;
				TargetAttributes = {
					F71001F923DECAE9002517DC = {
						CreatedOnToolsVersion = 10.1;
					};
					F779E6D023E03F11006173F1 = {
						CreatedOnToolsVersion = 10.1;
					};
				};
			};
			buildConfigurationList = F71001F523DECAE9002517DC /* Build configuration list for PBXProject "photobazar" */;
			compatibilityVersion = "Xcode 10.0";
			developmentRegion = en;
			hasScannedForEncodings = 0;
			knownRegions = (
				en,
				Base,
			);
			mainGroup = F71001F123DECAE9002517DC;
			productRefGroup = F71001FB23DECAE9002517DC /* Products */;
			projectDirPath = "";
			projectRoot = "";
			targets = (
				F71001F923DECAE9002517DC /* photobazar */,
				F779E6D023E03F11006173F1 /* photobazaradmin */,
			);
		};
/* End PBXProject section */

/* Begin PBXResourcesBuildPhase section */
		F71001F823DECAE9002517DC /* Resources */ = {
			isa = PBXResourcesBuildPhase;
			buildActionMask = 2147483647;
			files = (
				F73041B923F529ED00C46D1C /* login.storyboard in Resources */,
				F71D95CA2403B374001B521A /* CategoryCell.xib in Resources */,
				F710020823DECAEE002517DC /* LaunchScreen.storyboard in Resources */,
				F710020523DECAEE002517DC /* Assets.xcassets in Resources */,
				F714218D23FE910800196D66 /* ForgotPasswordVC.xib in Resources */,
				F710020323DECAE9002517DC /* Main.storyboard in Resources */,
				F7ADC36E24026C520039AC53 /* GoogleService-Info.plist in Resources */,
			);
			runOnlyForDeploymentPostprocessing = 0;
		};
		F779E6CF23E03F11006173F1 /* Resources */ = {
			isa = PBXResourcesBuildPhase;
			buildActionMask = 2147483647;
			files = (
				F779E6DE23E03F26006173F1 /* LaunchScreen.storyboard in Resources */,
				F779E6E423E03FE1006173F1 /* Assets.xcassets in Resources */,
				F779E6D923E03F11006173F1 /* Main.storyboard in Resources */,
			);
			runOnlyForDeploymentPostprocessing = 0;
		};
/* End PBXResourcesBuildPhase section */

/* Begin PBXShellScriptBuildPhase section */
		D0009BE3386505134FE9E5D1 /* [CP] Embed Pods Frameworks */ = {
			isa = PBXShellScriptBuildPhase;
			buildActionMask = 2147483647;
			files = (
			);
			inputFileListPaths = (
				"${PODS_ROOT}/Target Support Files/Pods-photobazar/Pods-photobazar-frameworks-${CONFIGURATION}-input-files.xcfilelist",
			);
			name = "[CP] Embed Pods Frameworks";
			outputFileListPaths = (
				"${PODS_ROOT}/Target Support Files/Pods-photobazar/Pods-photobazar-frameworks-${CONFIGURATION}-output-files.xcfilelist",
			);
			runOnlyForDeploymentPostprocessing = 0;
			shellPath = /bin/sh;
			shellScript = "\"${PODS_ROOT}/Target Support Files/Pods-photobazar/Pods-photobazar-frameworks.sh\"\n";
			showEnvVarsInLog = 0;
		};
		DF829D47A7A7FB19CB590AB5 /* [CP] Check Pods Manifest.lock */ = {
			isa = PBXShellScriptBuildPhase;
			buildActionMask = 2147483647;
			files = (
			);
			inputFileListPaths = (
			);
			inputPaths = (
				"${PODS_PODFILE_DIR_PATH}/Podfile.lock",
				"${PODS_ROOT}/Manifest.lock",
			);
			name = "[CP] Check Pods Manifest.lock";
			outputFileListPaths = (
			);
			outputPaths = (
				"$(DERIVED_FILE_DIR)/Pods-photobazar-checkManifestLockResult.txt",
			);
			runOnlyForDeploymentPostprocessing = 0;
			shellPath = /bin/sh;
			shellScript = "diff \"${PODS_PODFILE_DIR_PATH}/Podfile.lock\" \"${PODS_ROOT}/Manifest.lock\" > /dev/null\nif [ $? != 0 ] ; then\n    # print error to STDERR\n    echo \"error: The sandbox is not in sync with the Podfile.lock. Run 'pod install' or update your CocoaPods installation.\" >&2\n    exit 1\nfi\n# This output is used by Xcode 'outputs' to avoid re-running this script phase.\necho \"SUCCESS\" > \"${SCRIPT_OUTPUT_FILE_0}\"\n";
			showEnvVarsInLog = 0;
		};
/* End PBXShellScriptBuildPhase section */

/* Begin PBXSourcesBuildPhase section */
		F71001F623DECAE9002517DC /* Sources */ = {
			isa = PBXSourcesBuildPhase;
			buildActionMask = 2147483647;
			files = (
				F7ADC37024027CC60039AC53 /* Firebase+Utils.swift in Sources */,
				F73041BC23F5366D00C46D1C /* Extensions.swift in Sources */,
				F73041C323F5595400C46D1C /* Roundedviews.swift in Sources */,
				F73041C023F5503200C46D1C /* constaints.swift in Sources */,
				F7ADC373240293400039AC53 /* catrgory.swift in Sources */,
				F72F1E9923F1372800516845 /* homeVC.swift in Sources */,
				F72F1E9B23F1375400516845 /* registervc.swift in Sources */,
				F710020023DECAE9002517DC /* loginVC.swift in Sources */,
				F714218C23FE910800196D66 /* ForgotPasswordVC.swift in Sources */,
				F71001FE23DECAE9002517DC /* AppDelegate.swift in Sources */,
				F71D95C92403B374001B521A /* CategoryCell.swift in Sources */,
			);
			runOnlyForDeploymentPostprocessing = 0;
		};
		F779E6CD23E03F11006173F1 /* Sources */ = {
			isa = PBXSourcesBuildPhase;
			buildActionMask = 2147483647;
			files = (
				F7ADC374240293400039AC53 /* catrgory.swift in Sources */,
				F7ADC371240281FD0039AC53 /* Firebase+Utils.swift in Sources */,
				F779E6D623E03F11006173F1 /* ViewController.swift in Sources */,
				F779E6D423E03F11006173F1 /* AppDelegate.swift in Sources */,
				F71D95CB2403B38C001B521A /* CategoryCell.swift in Sources */,
			);
			runOnlyForDeploymentPostprocessing = 0;
		};
/* End PBXSourcesBuildPhase section */

/* Begin PBXVariantGroup section */
		F710020123DECAE9002517DC /* Main.storyboard */ = {
			isa = PBXVariantGroup;
			children = (
				F710020223DECAE9002517DC /* Base */,
			);
			name = Main.storyboard;
			sourceTree = "<group>";
		};
		F710020623DECAEE002517DC /* LaunchScreen.storyboard */ = {
			isa = PBXVariantGroup;
			children = (
				F710020723DECAEE002517DC /* Base */,
			);
			name = LaunchScreen.storyboard;
			sourceTree = "<group>";
		};
		F779E6D723E03F11006173F1 /* Main.storyboard */ = {
			isa = PBXVariantGroup;
			children = (
				F779E6D823E03F11006173F1 /* Base */,
			);
			name = Main.storyboard;
			sourceTree = "<group>";
		};
		F779E6DC23E03F26006173F1 /* LaunchScreen.storyboard */ = {
			isa = PBXVariantGroup;
			children = (
				F779E6DD23E03F26006173F1 /* Base */,
			);
			name = LaunchScreen.storyboard;
			sourceTree = "<group>";
		};
/* End PBXVariantGroup section */

/* Begin XCBuildConfiguration section */
		F710020A23DECAEE002517DC /* Debug */ = {
			isa = XCBuildConfiguration;
			buildSettings = {
				ALWAYS_SEARCH_USER_PATHS = NO;
				CLANG_ANALYZER_NONNULL = YES;
				CLANG_ANALYZER_NUMBER_OBJECT_CONVERSION = YES_AGGRESSIVE;
				CLANG_CXX_LANGUAGE_STANDARD = "gnu++14";
				CLANG_CXX_LIBRARY = "libc++";
				CLANG_ENABLE_MODULES = YES;
				CLANG_ENABLE_OBJC_ARC = YES;
				CLANG_ENABLE_OBJC_WEAK = YES;
				CLANG_WARN_BLOCK_CAPTURE_AUTORELEASING = YES;
				CLANG_WARN_BOOL_CONVERSION = YES;
				CLANG_WARN_COMMA = YES;
				CLANG_WARN_CONSTANT_CONVERSION = YES;
				CLANG_WARN_DEPRECATED_OBJC_IMPLEMENTATIONS = YES;
				CLANG_WARN_DIRECT_OBJC_ISA_USAGE = YES_ERROR;
				CLANG_WARN_DOCUMENTATION_COMMENTS = YES;
				CLANG_WARN_EMPTY_BODY = YES;
				CLANG_WARN_ENUM_CONVERSION = YES;
				CLANG_WARN_INFINITE_RECURSION = YES;
				CLANG_WARN_INT_CONVERSION = YES;
				CLANG_WARN_NON_LITERAL_NULL_CONVERSION = YES;
				CLANG_WARN_OBJC_IMPLICIT_RETAIN_SELF = YES;
				CLANG_WARN_OBJC_LITERAL_CONVERSION = YES;
				CLANG_WARN_OBJC_ROOT_CLASS = YES_ERROR;
				CLANG_WARN_RANGE_LOOP_ANALYSIS = YES;
				CLANG_WARN_STRICT_PROTOTYPES = YES;
				CLANG_WARN_SUSPICIOUS_MOVE = YES;
				CLANG_WARN_UNGUARDED_AVAILABILITY = YES_AGGRESSIVE;
				CLANG_WARN_UNREACHABLE_CODE = YES;
				CLANG_WARN__DUPLICATE_METHOD_MATCH = YES;
				CODE_SIGN_IDENTITY = "iPhone Developer";
				COPY_PHASE_STRIP = NO;
				DEBUG_INFORMATION_FORMAT = dwarf;
				ENABLE_STRICT_OBJC_MSGSEND = YES;
				ENABLE_TESTABILITY = YES;
				GCC_C_LANGUAGE_STANDARD = gnu11;
				GCC_DYNAMIC_NO_PIC = NO;
				GCC_NO_COMMON_BLOCKS = YES;
				GCC_OPTIMIZATION_LEVEL = 0;
				GCC_PREPROCESSOR_DEFINITIONS = (
					"DEBUG=1",
					"$(inherited)",
				);
				GCC_WARN_64_TO_32_BIT_CONVERSION = YES;
				GCC_WARN_ABOUT_RETURN_TYPE = YES_ERROR;
				GCC_WARN_UNDECLARED_SELECTOR = YES;
				GCC_WARN_UNINITIALIZED_AUTOS = YES_AGGRESSIVE;
				GCC_WARN_UNUSED_FUNCTION = YES;
				GCC_WARN_UNUSED_VARIABLE = YES;
				IPHONEOS_DEPLOYMENT_TARGET = 12.1;
				MTL_ENABLE_DEBUG_INFO = INCLUDE_SOURCE;
				MTL_FAST_MATH = YES;
				ONLY_ACTIVE_ARCH = YES;
				SDKROOT = iphoneos;
				SWIFT_ACTIVE_COMPILATION_CONDITIONS = DEBUG;
				SWIFT_OPTIMIZATION_LEVEL = "-Onone";
			};
			name = Debug;
		};
		F710020B23DECAEE002517DC /* Release */ = {
			isa = XCBuildConfiguration;
			buildSettings = {
				ALWAYS_SEARCH_USER_PATHS = NO;
				CLANG_ANALYZER_NONNULL = YES;
				CLANG_ANALYZER_NUMBER_OBJECT_CONVERSION = YES_AGGRESSIVE;
				CLANG_CXX_LANGUAGE_STANDARD = "gnu++14";
				CLANG_CXX_LIBRARY = "libc++";
				CLANG_ENABLE_MODULES = YES;
				CLANG_ENABLE_OBJC_ARC = YES;
				CLANG_ENABLE_OBJC_WEAK = YES;
				CLANG_WARN_BLOCK_CAPTURE_AUTORELEASING = YES;
				CLANG_WARN_BOOL_CONVERSION = YES;
				CLANG_WARN_COMMA = YES;
				CLANG_WARN_CONSTANT_CONVERSION = YES;
				CLANG_WARN_DEPRECATED_OBJC_IMPLEMENTATIONS = YES;
				CLANG_WARN_DIRECT_OBJC_ISA_USAGE = YES_ERROR;
				CLANG_WARN_DOCUMENTATION_COMMENTS = YES;
				CLANG_WARN_EMPTY_BODY = YES;
				CLANG_WARN_ENUM_CONVERSION = YES;
				CLANG_WARN_INFINITE_RECURSION = YES;
				CLANG_WARN_INT_CONVERSION = YES;
				CLANG_WARN_NON_LITERAL_NULL_CONVERSION = YES;
				CLANG_WARN_OBJC_IMPLICIT_RETAIN_SELF = YES;
				CLANG_WARN_OBJC_LITERAL_CONVERSION = YES;
				CLANG_WARN_OBJC_ROOT_CLASS = YES_ERROR;
				CLANG_WARN_RANGE_LOOP_ANALYSIS = YES;
				CLANG_WARN_STRICT_PROTOTYPES = YES;
				CLANG_WARN_SUSPICIOUS_MOVE = YES;
				CLANG_WARN_UNGUARDED_AVAILABILITY = YES_AGGRESSIVE;
				CLANG_WARN_UNREACHABLE_CODE = YES;
				CLANG_WARN__DUPLICATE_METHOD_MATCH = YES;
				CODE_SIGN_IDENTITY = "iPhone Developer";
				COPY_PHASE_STRIP = NO;
				DEBUG_INFORMATION_FORMAT = "dwarf-with-dsym";
				ENABLE_NS_ASSERTIONS = NO;
				ENABLE_STRICT_OBJC_MSGSEND = YES;
				GCC_C_LANGUAGE_STANDARD = gnu11;
				GCC_NO_COMMON_BLOCKS = YES;
				GCC_WARN_64_TO_32_BIT_CONVERSION = YES;
				GCC_WARN_ABOUT_RETURN_TYPE = YES_ERROR;
				GCC_WARN_UNDECLARED_SELECTOR = YES;
				GCC_WARN_UNINITIALIZED_AUTOS = YES_AGGRESSIVE;
				GCC_WARN_UNUSED_FUNCTION = YES;
				GCC_WARN_UNUSED_VARIABLE = YES;
				IPHONEOS_DEPLOYMENT_TARGET = 12.1;
				MTL_ENABLE_DEBUG_INFO = NO;
				MTL_FAST_MATH = YES;
				SDKROOT = iphoneos;
				SWIFT_COMPILATION_MODE = wholemodule;
				SWIFT_OPTIMIZATION_LEVEL = "-O";
				VALIDATE_PRODUCT = YES;
			};
			name = Release;
		};
		F710020D23DECAEE002517DC /* Debug */ = {
			isa = XCBuildConfiguration;
			baseConfigurationReference = 5E59633938290CAA1144E5BD /* Pods-photobazar.debug.xcconfig */;
			buildSettings = {
				ASSETCATALOG_COMPILER_APPICON_NAME = AppIcon;
				CODE_SIGN_STYLE = Automatic;
				INFOPLIST_FILE = photobazar/Info.plist;
				IPHONEOS_DEPLOYMENT_TARGET = 10.0;
				LD_RUNPATH_SEARCH_PATHS = (
					"$(inherited)",
					"@executable_path/Frameworks",
				);
				PRODUCT_BUNDLE_IDENTIFIER = com.eitysams.photobazar;
				PRODUCT_NAME = "$(TARGET_NAME)";
				SWIFT_VERSION = 4.2;
				TARGETED_DEVICE_FAMILY = "1,2";
			};
			name = Debug;
		};
		F710020E23DECAEE002517DC /* Release */ = {
			isa = XCBuildConfiguration;
			baseConfigurationReference = FE24EEDFF2E390479D1CD637 /* Pods-photobazar.release.xcconfig */;
			buildSettings = {
				ASSETCATALOG_COMPILER_APPICON_NAME = AppIcon;
				CODE_SIGN_STYLE = Automatic;
				INFOPLIST_FILE = photobazar/Info.plist;
				IPHONEOS_DEPLOYMENT_TARGET = 10.0;
				LD_RUNPATH_SEARCH_PATHS = (
					"$(inherited)",
					"@executable_path/Frameworks",
				);
				PRODUCT_BUNDLE_IDENTIFIER = com.eitysams.photobazar;
				PRODUCT_NAME = "$(TARGET_NAME)";
				SWIFT_VERSION = 4.2;
				TARGETED_DEVICE_FAMILY = "1,2";
			};
			name = Release;
		};
		F779E6E023E03F26006173F1 /* Debug */ = {
			isa = XCBuildConfiguration;
			buildSettings = {
				ASSETCATALOG_COMPILER_APPICON_NAME = AppIcon;
				CODE_SIGN_STYLE = Automatic;
				INFOPLIST_FILE = photobazaradmin/Info.plist;
				IPHONEOS_DEPLOYMENT_TARGET = 9.0;
				LD_RUNPATH_SEARCH_PATHS = (
					"$(inherited)",
					"@executable_path/Frameworks",
				);
				PRODUCT_BUNDLE_IDENTIFIER = com.eitysams.photobazaradmin;
				PRODUCT_NAME = "$(TARGET_NAME)";
				SWIFT_VERSION = 4.2;
				TARGETED_DEVICE_FAMILY = "1,2";
			};
			name = Debug;
		};
		F779E6E123E03F26006173F1 /* Release */ = {
			isa = XCBuildConfiguration;
			buildSettings = {
				ASSETCATALOG_COMPILER_APPICON_NAME = AppIcon;
				CODE_SIGN_STYLE = Automatic;
				INFOPLIST_FILE = photobazaradmin/Info.plist;
				IPHONEOS_DEPLOYMENT_TARGET = 9.0;
				LD_RUNPATH_SEARCH_PATHS = (
					"$(inherited)",
					"@executable_path/Frameworks",
				);
				PRODUCT_BUNDLE_IDENTIFIER = com.eitysams.photobazaradmin;
				PRODUCT_NAME = "$(TARGET_NAME)";
				SWIFT_VERSION = 4.2;
				TARGETED_DEVICE_FAMILY = "1,2";
			};
			name = Release;
		};
/* End XCBuildConfiguration section */

/* Begin XCConfigurationList section */
		F71001F523DECAE9002517DC /* Build configuration list for PBXProject "photobazar" */ = {
			isa = XCConfigurationList;
			buildConfigurations = (
				F710020A23DECAEE002517DC /* Debug */,
				F710020B23DECAEE002517DC /* Release */,
			);
			defaultConfigurationIsVisible = 0;
			defaultConfigurationName = Release;
		};
		F710020C23DECAEE002517DC /* Build configuration list for PBXNativeTarget "photobazar" */ = {
			isa = XCConfigurationList;
			buildConfigurations = (
				F710020D23DECAEE002517DC /* Debug */,
				F710020E23DECAEE002517DC /* Release */,
			);
			defaultConfigurationIsVisible = 0;
			defaultConfigurationName = Release;
		};
		F779E6E223E03F26006173F1 /* Build configuration list for PBXNativeTarget "photobazaradmin" */ = {
			isa = XCConfigurationList;
			buildConfigurations = (
				F779E6E023E03F26006173F1 /* Debug */,
				F779E6E123E03F26006173F1 /* Release */,
			);
			defaultConfigurationIsVisible = 0;
			defaultConfigurationName = Release;
		};
/* End XCConfigurationList section */
	};
	rootObject = F71001F223DECAE9002517DC /* Project object */;
}
